
Microsoft Visual Studio Solution File, Format Version 9.00
# Visual Studio 2005
Project("{8BC9CEB8-8B4A-11D0-8D11-00A0C91BC942}") = "aes", "..\bcrypt_primitives\aes\aes.vcproj", "{EA90213B-02D3-4CA5-B721-8DAB6B6DA730}"
EndProject
Project("{8BC9CEB8-8B4A-11D0-8D11-00A0C91BC942}") = "dh", "..\bcrypt_primitives\dh\dh.vcproj", "{08EDFB15-5E90-4F43-B3EA-82922E2740C3}"
EndProject
Project("{8BC9CEB8-8B4A-11D0-8D11-00A0C91BC942}") = "dsa", "..\bcrypt_primitives\dsa\dsa.vcproj", "{87B03AF8-263F-4BA7-8016-C5750F159424}"
EndProject
Project("{8BC9CEB8-8B4A-11D0-8D11-00A0C91BC942}") = "ecdh", "..\bcrypt_primitives\ecdh\ecdh.vcproj", "{C2EE3B5A-B946-4E16-855A-D231B1E28F6D}"
EndProject
Project("{8BC9CEB8-8B4A-11D0-8D11-00A0C91BC942}") = "ecdsa", "..\bcrypt_primitives\ecdsa\ecdsa.vcproj", "{D6D12563-50E6-41FE-BE0D-29A7E85F5987}"
EndProject
Project("{8BC9CEB8-8B4A-11D0-8D11-00A0C91BC942}") = "hmac", "..\bcrypt_primitives\hmac\hmac.vcproj", "{791A36E4-6421-487F-A1E2-CD970DFECF32}"
EndProject
Project("{8BC9CEB8-8B4A-11D0-8D11-00A0C91BC942}") = "kdf", "..\bcrypt_primitives\kdf\kdf.vcproj", "{AC986324-BD50-474A-903F-4A98400A4588}"
EndProject
Project("{8BC9CEB8-8B4A-11D0-8D11-00A0C91BC942}") = "Random", "..\bcrypt_primitives\Random\Random.vcproj", "{3BFF945B-B976-49A2-99B6-E4BDC1749F51}"
EndProject
Project("{8BC9CEB8-8B4A-11D0-8D11-00A0C91BC942}") = "sha", "..\bcrypt_primitives\sha\sha.vcproj", "{253C0893-97D6-492D-87AB-D3BE17EB24AF}"
EndProject
Project("{8BC9CEB8-8B4A-11D0-8D11-00A0C91BC942}") = "StrongKey", "..\bcrypt_primitives\StrongKey\StrongKey.vcproj", "{A10842E4-5C1E-4966-8674-43A966FF100C}"
EndProject
Project("{8BC9CEB8-8B4A-11D0-8D11-00A0C91BC942}") = "CNG_CAPI_1_INTEROP", "..\cng_capi_1_interop\rsa.vcproj", "{AE1517B8-FDB7-42AE-81EE-8BB1EC3A9672}"
EndProject
Project("{2150E333-8FDC-42A3-9474-1A3956D46DE8}") = "CAPI_2", "CAPI_2", "{9E393CCC-F114-4838-91BE-37ACFE642F77}"
EndProject
Project("{2150E333-8FDC-42A3-9474-1A3956D46DE8}") = "BCRYPT_PRIMITIVES", "BCRYPT_PRIMITIVES", "{B7030B72-60B2-4689-99FC-5E72C3F7194A}"
EndProject
Project("{8BC9CEB8-8B4A-11D0-8D11-00A0C91BC942}") = "plughash", "..\capi_2\plughash\plughash.vcproj", "{219DE1A7-1FE4-4035-B407-615514887FAB}"
EndProject
Project("{8BC9CEB8-8B4A-11D0-8D11-00A0C91BC942}") = "registerOID", "..\capi_2\registerOID\registerOID.vcproj", "{A1AE0419-3D1E-4E62-B30D-2244FDDB08F1}"
EndProject
Project("{2150E333-8FDC-42A3-9474-1A3956D46DE8}") = "CRYPTO_CONFIG", "CRYPTO_CONFIG", "{78039201-D0C9-4E8B-9C05-7B120054DB16}"
EndProject
Project("{2150E333-8FDC-42A3-9474-1A3956D46DE8}") = "HASH_PROVIDER", "HASH_PROVIDER", "{69358C8C-4099-4807-B67E-6B3046426F34}"
EndProject
Project("{2150E333-8FDC-42A3-9474-1A3956D46DE8}") = "SYMMETRIC_PROVIDER", "SYMMETRIC_PROVIDER", "{8EECB043-56B3-4D53-8932-1D7AEDAF7267}"
EndProject
Project("{8BC9CEB8-8B4A-11D0-8D11-00A0C91BC942}") = "client", "..\crypto_config\symmetric_provider\client\client.vcproj", "{9FDAC973-C5B5-4D3D-924E-C72183CC7734}"
EndProject
Project("{8BC9CEB8-8B4A-11D0-8D11-00A0C91BC942}") = "client", "..\crypto_config\hash_provider\client\client.vcproj", "{0CE04AFA-D209-4C64-89F4-FCD96AB14839}"
EndProject
Project("{8BC9CEB8-8B4A-11D0-8D11-00A0C91BC942}") = "config", "..\crypto_config\symmetric_provider\config\config.vcproj", "{C0883A51-7E73-4501-AB7A-FBD1D8D0A670}"
EndProject
Project("{8BC9CEB8-8B4A-11D0-8D11-00A0C91BC942}") = "provider", "..\crypto_config\symmetric_provider\provider\provider.vcproj", "{B9321F4A-98E5-4CE9-B3A1-65894B17A2F9}"
EndProject
Project("{8BC9CEB8-8B4A-11D0-8D11-00A0C91BC942}") = "provider", "..\crypto_config\hash_provider\provider\provider.vcproj", "{A6C95CF9-AF7F-41DD-816A-D4B74BE5A54A}"
EndProject
Project("{2150E333-8FDC-42A3-9474-1A3956D46DE8}") = "PROTOCOL_PROVIDER", "PROTOCOL_PROVIDER", "{9A44AB14-2669-4ED9-A532-4E1861E2E775}"
EndProject
Project("{8BC9CEB8-8B4A-11D0-8D11-00A0C91BC942}") = "ProtocolProviderPlugin", "..\crypto_config\protocol_provider\ProtocolProviderPlugin\ProtocolProviderPlugin.vcproj", "{E6B98DE1-66E3-4988-BECB-82D428E708CC}"
EndProject
Project("{8BC9CEB8-8B4A-11D0-8D11-00A0C91BC942}") = "config", "..\crypto_config\protocol_provider\config\config.vcproj", "{FF8769E3-272F-4D5B-9494-A62903858708}"
EndProject
Project("{2150E333-8FDC-42A3-9474-1A3956D46DE8}") = "Sample KSP", "Sample KSP", "{F1F64821-06B5-49C3-BC4F-99F277CDF389}"
EndProject
Project("{8BC9CEB8-8B4A-11D0-8D11-00A0C91BC942}") = "client", "..\SampleKSP\config\client.vcproj", "{83061ADA-4B28-4470-929C-2CD6722F96EE}"
EndProject
Project("{8BC9CEB8-8B4A-11D0-8D11-00A0C91BC942}") = "provider", "..\SampleKSP\provider\provider.vcproj", "{3B1D3E3D-02DB-4A95-A788-1823BABD412B}"
EndProject
Global
	GlobalSection(SolutionConfigurationPlatforms) = preSolution
		Debug|Win32 = Debug|Win32
		Debug|x64 = Debug|x64
		Release|Win32 = Release|Win32
		Release|x64 = Release|x64
	EndGlobalSection
	GlobalSection(ProjectConfigurationPlatforms) = postSolution
		{EA90213B-02D3-4CA5-B721-8DAB6B6DA730}.Debug|Win32.ActiveCfg = Debug|Win32
		{EA90213B-02D3-4CA5-B721-8DAB6B6DA730}.Debug|Win32.Build.0 = Debug|Win32
		{EA90213B-02D3-4CA5-B721-8DAB6B6DA730}.Debug|x64.ActiveCfg = Debug|x64
		{EA90213B-02D3-4CA5-B721-8DAB6B6DA730}.Debug|x64.Build.0 = Debug|x64
		{EA90213B-02D3-4CA5-B721-8DAB6B6DA730}.Release|Win32.ActiveCfg = Release|Win32
		{EA90213B-02D3-4CA5-B721-8DAB6B6DA730}.Release|Win32.Build.0 = Release|Win32
		{EA90213B-02D3-4CA5-B721-8DAB6B6DA730}.Release|x64.ActiveCfg = Release|x64
		{EA90213B-02D3-4CA5-B721-8DAB6B6DA730}.Release|x64.Build.0 = Release|x64
		{08EDFB15-5E90-4F43-B3EA-82922E2740C3}.Debug|Win32.ActiveCfg = Debug|Win32
		{08EDFB15-5E90-4F43-B3EA-82922E2740C3}.Debug|Win32.Build.0 = Debug|Win32
		{08EDFB15-5E90-4F43-B3EA-82922E2740C3}.Debug|x64.ActiveCfg = Debug|x64
		{08EDFB15-5E90-4F43-B3EA-82922E2740C3}.Debug|x64.Build.0 = Debug|x64
		{08EDFB15-5E90-4F43-B3EA-82922E2740C3}.Release|Win32.ActiveCfg = Release|Win32
		{08EDFB15-5E90-4F43-B3EA-82922E2740C3}.Release|Win32.Build.0 = Release|Win32
		{08EDFB15-5E90-4F43-B3EA-82922E2740C3}.Release|x64.ActiveCfg = Release|x64
		{08EDFB15-5E90-4F43-B3EA-82922E2740C3}.Release|x64.Build.0 = Release|x64
		{87B03AF8-263F-4BA7-8016-C5750F159424}.Debug|Win32.ActiveCfg = Debug|Win32
		{87B03AF8-263F-4BA7-8016-C5750F159424}.Debug|Win32.Build.0 = Debug|Win32
		{87B03AF8-263F-4BA7-8016-C5750F159424}.Debug|x64.ActiveCfg = Debug|x64
		{87B03AF8-263F-4BA7-8016-C5750F159424}.Debug|x64.Build.0 = Debug|x64
		{87B03AF8-263F-4BA7-8016-C5750F159424}.Release|Win32.ActiveCfg = Release|Win32
		{87B03AF8-263F-4BA7-8016-C5750F159424}.Release|Win32.Build.0 = Release|Win32
		{87B03AF8-263F-4BA7-8016-C5750F159424}.Release|x64.ActiveCfg = Release|x64
		{87B03AF8-263F-4BA7-8016-C5750F159424}.Release|x64.Build.0 = Release|x64
		{C2EE3B5A-B946-4E16-855A-D231B1E28F6D}.Debug|Win32.ActiveCfg = Debug|Win32
		{C2EE3B5A-B946-4E16-855A-D231B1E28F6D}.Debug|Win32.Build.0 = Debug|Win32
		{C2EE3B5A-B946-4E16-855A-D231B1E28F6D}.Debug|x64.ActiveCfg = Debug|x64
		{C2EE3B5A-B946-4E16-855A-D231B1E28F6D}.Debug|x64.Build.0 = Debug|x64
		{C2EE3B5A-B946-4E16-855A-D231B1E28F6D}.Release|Win32.ActiveCfg = Release|Win32
		{C2EE3B5A-B946-4E16-855A-D231B1E28F6D}.Release|Win32.Build.0 = Release|Win32
		{C2EE3B5A-B946-4E16-855A-D231B1E28F6D}.Release|x64.ActiveCfg = Release|x64
		{C2EE3B5A-B946-4E16-855A-D231B1E28F6D}.Release|x64.Build.0 = Release|x64
		{D6D12563-50E6-41FE-BE0D-29A7E85F5987}.Debug|Win32.ActiveCfg = Debug|Win32
		{D6D12563-50E6-41FE-BE0D-29A7E85F5987}.Debug|Win32.Build.0 = Debug|Win32
		{D6D12563-50E6-41FE-BE0D-29A7E85F5987}.Debug|x64.ActiveCfg = Debug|x64
		{D6D12563-50E6-41FE-BE0D-29A7E85F5987}.Debug|x64.Build.0 = Debug|x64
		{D6D12563-50E6-41FE-BE0D-29A7E85F5987}.Release|Win32.ActiveCfg = Release|Win32
		{D6D12563-50E6-41FE-BE0D-29A7E85F5987}.Release|Win32.Build.0 = Release|Win32
		{D6D12563-50E6-41FE-BE0D-29A7E85F5987}.Release|x64.ActiveCfg = Release|x64
		{D6D12563-50E6-41FE-BE0D-29A7E85F5987}.Release|x64.Build.0 = Release|x64
		{791A36E4-6421-487F-A1E2-CD970DFECF32}.Debug|Win32.ActiveCfg = Debug|Win32
		{791A36E4-6421-487F-A1E2-CD970DFECF32}.Debug|Win32.Build.0 = Debug|Win32
		{791A36E4-6421-487F-A1E2-CD970DFECF32}.Debug|x64.ActiveCfg = Debug|x64
		{791A36E4-6421-487F-A1E2-CD970DFECF32}.Debug|x64.Build.0 = Debug|x64
		{791A36E4-6421-487F-A1E2-CD970DFECF32}.Release|Win32.ActiveCfg = Release|Win32
		{791A36E4-6421-487F-A1E2-CD970DFECF32}.Release|Win32.Build.0 = Release|Win32
		{791A36E4-6421-487F-A1E2-CD970DFECF32}.Release|x64.ActiveCfg = Release|x64
		{791A36E4-6421-487F-A1E2-CD970DFECF32}.Release|x64.Build.0 = Release|x64
		{AC986324-BD50-474A-903F-4A98400A4588}.Debug|Win32.ActiveCfg = Debug|Win32
		{AC986324-BD50-474A-903F-4A98400A4588}.Debug|Win32.Build.0 = Debug|Win32
		{AC986324-BD50-474A-903F-4A98400A4588}.Debug|x64.ActiveCfg = Debug|x64
		{AC986324-BD50-474A-903F-4A98400A4588}.Debug|x64.Build.0 = Debug|x64
		{AC986324-BD50-474A-903F-4A98400A4588}.Release|Win32.ActiveCfg = Release|Win32
		{AC986324-BD50-474A-903F-4A98400A4588}.Release|Win32.Build.0 = Release|Win32
		{AC986324-BD50-474A-903F-4A98400A4588}.Release|x64.ActiveCfg = Release|x64
		{AC986324-BD50-474A-903F-4A98400A4588}.Release|x64.Build.0 = Release|x64
		{3BFF945B-B976-49A2-99B6-E4BDC1749F51}.Debug|Win32.ActiveCfg = Debug|Win32
		{3BFF945B-B976-49A2-99B6-E4BDC1749F51}.Debug|Win32.Build.0 = Debug|Win32
		{3BFF945B-B976-49A2-99B6-E4BDC1749F51}.Debug|x64.ActiveCfg = Debug|x64
		{3BFF945B-B976-49A2-99B6-E4BDC1749F51}.Debug|x64.Build.0 = Debug|x64
		{3BFF945B-B976-49A2-99B6-E4BDC1749F51}.Release|Win32.ActiveCfg = Release|Win32
		{3BFF945B-B976-49A2-99B6-E4BDC1749F51}.Release|Win32.Build.0 = Release|Win32
		{3BFF945B-B976-49A2-99B6-E4BDC1749F51}.Release|x64.ActiveCfg = Release|x64
		{3BFF945B-B976-49A2-99B6-E4BDC1749F51}.Release|x64.Build.0 = Release|x64
		{253C0893-97D6-492D-87AB-D3BE17EB24AF}.Debug|Win32.ActiveCfg = Debug|Win32
		{253C0893-97D6-492D-87AB-D3BE17EB24AF}.Debug|Win32.Build.0 = Debug|Win32
		{253C0893-97D6-492D-87AB-D3BE17EB24AF}.Debug|x64.ActiveCfg = Debug|x64
		{253C0893-97D6-492D-87AB-D3BE17EB24AF}.Debug|x64.Build.0 = Debug|x64
		{253C0893-97D6-492D-87AB-D3BE17EB24AF}.Release|Win32.ActiveCfg = Release|Win32
		{253C0893-97D6-492D-87AB-D3BE17EB24AF}.Release|Win32.Build.0 = Release|Win32
		{253C0893-97D6-492D-87AB-D3BE17EB24AF}.Release|x64.ActiveCfg = Release|x64
		{253C0893-97D6-492D-87AB-D3BE17EB24AF}.Release|x64.Build.0 = Release|x64
		{A10842E4-5C1E-4966-8674-43A966FF100C}.Debug|Win32.ActiveCfg = Debug|Win32
		{A10842E4-5C1E-4966-8674-43A966FF100C}.Debug|Win32.Build.0 = Debug|Win32
		{A10842E4-5C1E-4966-8674-43A966FF100C}.Debug|x64.ActiveCfg = Debug|x64
		{A10842E4-5C1E-4966-8674-43A966FF100C}.Debug|x64.Build.0 = Debug|x64
		{A10842E4-5C1E-4966-8674-43A966FF100C}.Release|Win32.ActiveCfg = Release|Win32
		{A10842E4-5C1E-4966-8674-43A966FF100C}.Release|Win32.Build.0 = Release|Win32
		{A10842E4-5C1E-4966-8674-43A966FF100C}.Release|x64.ActiveCfg = Release|x64
		{A10842E4-5C1E-4966-8674-43A966FF100C}.Release|x64.Build.0 = Release|x64
		{AE1517B8-FDB7-42AE-81EE-8BB1EC3A9672}.Debug|Win32.ActiveCfg = Debug|Win32
		{AE1517B8-FDB7-42AE-81EE-8BB1EC3A9672}.Debug|Win32.Build.0 = Debug|Win32
		{AE1517B8-FDB7-42AE-81EE-8BB1EC3A9672}.Debug|x64.ActiveCfg = Debug|x64
		{AE1517B8-FDB7-42AE-81EE-8BB1EC3A9672}.Debug|x64.Build.0 = Debug|x64
		{AE1517B8-FDB7-42AE-81EE-8BB1EC3A9672}.Release|Win32.ActiveCfg = Release|Win32
		{AE1517B8-FDB7-42AE-81EE-8BB1EC3A9672}.Release|Win32.Build.0 = Release|Win32
		{AE1517B8-FDB7-42AE-81EE-8BB1EC3A9672}.Release|x64.ActiveCfg = Release|x64
		{AE1517B8-FDB7-42AE-81EE-8BB1EC3A9672}.Release|x64.Build.0 = Release|x64
		{219DE1A7-1FE4-4035-B407-615514887FAB}.Debug|Win32.ActiveCfg = Debug|Win32
		{219DE1A7-1FE4-4035-B407-615514887FAB}.Debug|Win32.Build.0 = Debug|Win32
		{219DE1A7-1FE4-4035-B407-615514887FAB}.Debug|x64.ActiveCfg = Debug|x64
		{219DE1A7-1FE4-4035-B407-615514887FAB}.Debug|x64.Build.0 = Debug|x64
		{219DE1A7-1FE4-4035-B407-615514887FAB}.Release|Win32.ActiveCfg = Release|Win32
		{219DE1A7-1FE4-4035-B407-615514887FAB}.Release|Win32.Build.0 = Release|Win32
		{219DE1A7-1FE4-4035-B407-615514887FAB}.Release|x64.ActiveCfg = Release|x64
		{219DE1A7-1FE4-4035-B407-615514887FAB}.Release|x64.Build.0 = Release|x64
		{A1AE0419-3D1E-4E62-B30D-2244FDDB08F1}.Debug|Win32.ActiveCfg = Debug|Win32
		{A1AE0419-3D1E-4E62-B30D-2244FDDB08F1}.Debug|Win32.Build.0 = Debug|Win32
		{A1AE0419-3D1E-4E62-B30D-2244FDDB08F1}.Debug|x64.ActiveCfg = Debug|x64
		{A1AE0419-3D1E-4E62-B30D-2244FDDB08F1}.Debug|x64.Build.0 = Debug|x64
		{A1AE0419-3D1E-4E62-B30D-2244FDDB08F1}.Release|Win32.ActiveCfg = Release|Win32
		{A1AE0419-3D1E-4E62-B30D-2244FDDB08F1}.Release|Win32.Build.0 = Release|Win32
		{A1AE0419-3D1E-4E62-B30D-2244FDDB08F1}.Release|x64.ActiveCfg = Release|x64
		{A1AE0419-3D1E-4E62-B30D-2244FDDB08F1}.Release|x64.Build.0 = Release|x64
		{9FDAC973-C5B5-4D3D-924E-C72183CC7734}.Debug|Win32.ActiveCfg = Debug|Win32
		{9FDAC973-C5B5-4D3D-924E-C72183CC7734}.Debug|Win32.Build.0 = Debug|Win32
		{9FDAC973-C5B5-4D3D-924E-C72183CC7734}.Debug|x64.ActiveCfg = Debug|x64
		{9FDAC973-C5B5-4D3D-924E-C72183CC7734}.Debug|x64.Build.0 = Debug|x64
		{9FDAC973-C5B5-4D3D-924E-C72183CC7734}.Release|Win32.ActiveCfg = Release|Win32
		{9FDAC973-C5B5-4D3D-924E-C72183CC7734}.Release|Win32.Build.0 = Release|Win32
		{9FDAC973-C5B5-4D3D-924E-C72183CC7734}.Release|x64.ActiveCfg = Release|x64
		{9FDAC973-C5B5-4D3D-924E-C72183CC7734}.Release|x64.Build.0 = Release|x64
		{0CE04AFA-D209-4C64-89F4-FCD96AB14839}.Debug|Win32.ActiveCfg = Debug|Win32
		{0CE04AFA-D209-4C64-89F4-FCD96AB14839}.Debug|Win32.Build.0 = Debug|Win32
		{0CE04AFA-D209-4C64-89F4-FCD96AB14839}.Debug|x64.ActiveCfg = Debug|x64
		{0CE04AFA-D209-4C64-89F4-FCD96AB14839}.Debug|x64.Build.0 = Debug|x64
		{0CE04AFA-D209-4C64-89F4-FCD96AB14839}.Release|Win32.ActiveCfg = Release|Win32
		{0CE04AFA-D209-4C64-89F4-FCD96AB14839}.Release|Win32.Build.0 = Release|Win32
		{0CE04AFA-D209-4C64-89F4-FCD96AB14839}.Release|x64.ActiveCfg = Release|x64
		{0CE04AFA-D209-4C64-89F4-FCD96AB14839}.Release|x64.Build.0 = Release|x64
		{C0883A51-7E73-4501-AB7A-FBD1D8D0A670}.Debug|Win32.ActiveCfg = Debug|Win32
		{C0883A51-7E73-4501-AB7A-FBD1D8D0A670}.Debug|Win32.Build.0 = Debug|Win32
		{C0883A51-7E73-4501-AB7A-FBD1D8D0A670}.Debug|x64.ActiveCfg = Debug|x64
		{C0883A51-7E73-4501-AB7A-FBD1D8D0A670}.Debug|x64.Build.0 = Debug|x64
		{C0883A51-7E73-4501-AB7A-FBD1D8D0A670}.Release|Win32.ActiveCfg = Release|Win32
		{C0883A51-7E73-4501-AB7A-FBD1D8D0A670}.Release|Win32.Build.0 = Release|Win32
		{C0883A51-7E73-4501-AB7A-FBD1D8D0A670}.Release|x64.ActiveCfg = Release|x64
		{C0883A51-7E73-4501-AB7A-FBD1D8D0A670}.Release|x64.Build.0 = Release|x64
		{B9321F4A-98E5-4CE9-B3A1-65894B17A2F9}.Debug|Win32.ActiveCfg = Debug|Win32
		{B9321F4A-98E5-4CE9-B3A1-65894B17A2F9}.Debug|Win32.Build.0 = Debug|Win32
		{B9321F4A-98E5-4CE9-B3A1-65894B17A2F9}.Debug|x64.ActiveCfg = Debug|x64
		{B9321F4A-98E5-4CE9-B3A1-65894B17A2F9}.Debug|x64.Build.0 = Debug|x64
		{B9321F4A-98E5-4CE9-B3A1-65894B17A2F9}.Release|Win32.ActiveCfg = Release|Win32
		{B9321F4A-98E5-4CE9-B3A1-65894B17A2F9}.Release|Win32.Build.0 = Release|Win32
		{B9321F4A-98E5-4CE9-B3A1-65894B17A2F9}.Release|x64.ActiveCfg = Release|x64
		{B9321F4A-98E5-4CE9-B3A1-65894B17A2F9}.Release|x64.Build.0 = Release|x64
		{A6C95CF9-AF7F-41DD-816A-D4B74BE5A54A}.Debug|Win32.ActiveCfg = Debug|Win32
		{A6C95CF9-AF7F-41DD-816A-D4B74BE5A54A}.Debug|Win32.Build.0 = Debug|Win32
		{A6C95CF9-AF7F-41DD-816A-D4B74BE5A54A}.Debug|x64.ActiveCfg = Debug|x64
		{A6C95CF9-AF7F-41DD-816A-D4B74BE5A54A}.Debug|x64.Build.0 = Debug|x64
		{A6C95CF9-AF7F-41DD-816A-D4B74BE5A54A}.Release|Win32.ActiveCfg = Release|Win32
		{A6C95CF9-AF7F-41DD-816A-D4B74BE5A54A}.Release|Win32.Build.0 = Release|Win32
		{A6C95CF9-AF7F-41DD-816A-D4B74BE5A54A}.Release|x64.ActiveCfg = Release|x64
		{A6C95CF9-AF7F-41DD-816A-D4B74BE5A54A}.Release|x64.Build.0 = Release|x64
		{E6B98DE1-66E3-4988-BECB-82D428E708CC}.Debug|Win32.ActiveCfg = Debug|Win32
		{E6B98DE1-66E3-4988-BECB-82D428E708CC}.Debug|Win32.Build.0 = Debug|Win32
		{E6B98DE1-66E3-4988-BECB-82D428E708CC}.Debug|x64.ActiveCfg = Debug|x64
		{E6B98DE1-66E3-4988-BECB-82D428E708CC}.Debug|x64.Build.0 = Debug|x64
		{E6B98DE1-66E3-4988-BECB-82D428E708CC}.Release|Win32.ActiveCfg = Release|Win32
		{E6B98DE1-66E3-4988-BECB-82D428E708CC}.Release|Win32.Build.0 = Release|Win32
		{E6B98DE1-66E3-4988-BECB-82D428E708CC}.Release|x64.ActiveCfg = Release|x64
		{E6B98DE1-66E3-4988-BECB-82D428E708CC}.Release|x64.Build.0 = Release|x64
		{FF8769E3-272F-4D5B-9494-A62903858708}.Debug|Win32.ActiveCfg = Debug|Win32
		{FF8769E3-272F-4D5B-9494-A62903858708}.Debug|Win32.Build.0 = Debug|Win32
		{FF8769E3-272F-4D5B-9494-A62903858708}.Debug|x64.ActiveCfg = Debug|x64
		{FF8769E3-272F-4D5B-9494-A62903858708}.Debug|x64.Build.0 = Debug|x64
		{FF8769E3-272F-4D5B-9494-A62903858708}.Release|Win32.ActiveCfg = Release|Win32
		{FF8769E3-272F-4D5B-9494-A62903858708}.Release|Win32.Build.0 = Release|Win32
		{FF8769E3-272F-4D5B-9494-A62903858708}.Release|x64.ActiveCfg = Release|x64
		{FF8769E3-272F-4D5B-9494-A62903858708}.Release|x64.Build.0 = Release|x64
		{83061ADA-4B28-4470-929C-2CD6722F96EE}.Debug|Win32.ActiveCfg = Debug|Win32
		{83061ADA-4B28-4470-929C-2CD6722F96EE}.Debug|Win32.Build.0 = Debug|Win32
		{83061ADA-4B28-4470-929C-2CD6722F96EE}.Debug|x64.ActiveCfg = Debug|x64
		{83061ADA-4B28-4470-929C-2CD6722F96EE}.Debug|x64.Build.0 = Debug|x64
		{83061ADA-4B28-4470-929C-2CD6722F96EE}.Release|Win32.ActiveCfg = Release|Win32
		{83061ADA-4B28-4470-929C-2CD6722F96EE}.Release|Win32.Build.0 = Release|Win32
		{83061ADA-4B28-4470-929C-2CD6722F96EE}.Release|x64.ActiveCfg = Release|x64
		{83061ADA-4B28-4470-929C-2CD6722F96EE}.Release|x64.Build.0 = Release|x64
		{3B1D3E3D-02DB-4A95-A788-1823BABD412B}.Debug|Win32.ActiveCfg = Debug|Win32
		{3B1D3E3D-02DB-4A95-A788-1823BABD412B}.Debug|Win32.Build.0 = Debug|Win32
		{3B1D3E3D-02DB-4A95-A788-1823BABD412B}.Debug|x64.ActiveCfg = Debug|x64
		{3B1D3E3D-02DB-4A95-A788-1823BABD412B}.Debug|x64.Build.0 = Debug|x64
		{3B1D3E3D-02DB-4A95-A788-1823BABD412B}.Release|Win32.ActiveCfg = Release|Win32
		{3B1D3E3D-02DB-4A95-A788-1823BABD412B}.Release|Win32.Build.0 = Release|Win32
		{3B1D3E3D-02DB-4A95-A788-1823BABD412B}.Release|x64.ActiveCfg = Release|x64
		{3B1D3E3D-02DB-4A95-A788-1823BABD412B}.Release|x64.Build.0 = Release|x64
	EndGlobalSection
	GlobalSection(SolutionProperties) = preSolution
		HideSolutionNode = FALSE
	EndGlobalSection
	GlobalSection(NestedProjects) = preSolution
		{08EDFB15-5E90-4F43-B3EA-82922E2740C3} = {B7030B72-60B2-4689-99FC-5E72C3F7194A}
		{87B03AF8-263F-4BA7-8016-C5750F159424} = {B7030B72-60B2-4689-99FC-5E72C3F7194A}
		{C2EE3B5A-B946-4E16-855A-D231B1E28F6D} = {B7030B72-60B2-4689-99FC-5E72C3F7194A}
		{D6D12563-50E6-41FE-BE0D-29A7E85F5987} = {B7030B72-60B2-4689-99FC-5E72C3F7194A}
		{791A36E4-6421-487F-A1E2-CD970DFECF32} = {B7030B72-60B2-4689-99FC-5E72C3F7194A}
		{AC986324-BD50-474A-903F-4A98400A4588} = {B7030B72-60B2-4689-99FC-5E72C3F7194A}
		{3BFF945B-B976-49A2-99B6-E4BDC1749F51} = {B7030B72-60B2-4689-99FC-5E72C3F7194A}
		{253C0893-97D6-492D-87AB-D3BE17EB24AF} = {B7030B72-60B2-4689-99FC-5E72C3F7194A}
		{A10842E4-5C1E-4966-8674-43A966FF100C} = {B7030B72-60B2-4689-99FC-5E72C3F7194A}
		{EA90213B-02D3-4CA5-B721-8DAB6B6DA730} = {B7030B72-60B2-4689-99FC-5E72C3F7194A}
		{219DE1A7-1FE4-4035-B407-615514887FAB} = {9E393CCC-F114-4838-91BE-37ACFE642F77}
		{A1AE0419-3D1E-4E62-B30D-2244FDDB08F1} = {9E393CCC-F114-4838-91BE-37ACFE642F77}
		{69358C8C-4099-4807-B67E-6B3046426F34} = {78039201-D0C9-4E8B-9C05-7B120054DB16}
		{8EECB043-56B3-4D53-8932-1D7AEDAF7267} = {78039201-D0C9-4E8B-9C05-7B120054DB16}
		{9A44AB14-2669-4ED9-A532-4E1861E2E775} = {78039201-D0C9-4E8B-9C05-7B120054DB16}
		{0CE04AFA-D209-4C64-89F4-FCD96AB14839} = {69358C8C-4099-4807-B67E-6B3046426F34}
		{A6C95CF9-AF7F-41DD-816A-D4B74BE5A54A} = {69358C8C-4099-4807-B67E-6B3046426F34}
		{9FDAC973-C5B5-4D3D-924E-C72183CC7734} = {8EECB043-56B3-4D53-8932-1D7AEDAF7267}
		{C0883A51-7E73-4501-AB7A-FBD1D8D0A670} = {8EECB043-56B3-4D53-8932-1D7AEDAF7267}
		{B9321F4A-98E5-4CE9-B3A1-65894B17A2F9} = {8EECB043-56B3-4D53-8932-1D7AEDAF7267}
		{E6B98DE1-66E3-4988-BECB-82D428E708CC} = {9A44AB14-2669-4ED9-A532-4E1861E2E775}
		{FF8769E3-272F-4D5B-9494-A62903858708} = {9A44AB14-2669-4ED9-A532-4E1861E2E775}
		{83061ADA-4B28-4470-929C-2CD6722F96EE} = {F1F64821-06B5-49C3-BC4F-99F277CDF389}
		{3B1D3E3D-02DB-4A95-A788-1823BABD412B} = {F1F64821-06B5-49C3-BC4F-99F277CDF389}
	EndGlobalSection
EndGlobal
